
Microsoft Visual Studio Solution File, Format Version 12.00
# Visual Studio Version 17
VisualStudioVersion = 17.14.36025.13
MinimumVisualStudioVersion = 10.0.40219.1
Project("{FAE04EC0-301F-11D3-BF4B-00C04F79EFBC}") = "OrderManagementSystem", "OrderManagementSystem.csproj", "{EA8FE5F9-0F3D-4851-8D2A-0FA575404F1F}"
EndProject
Global
	GlobalSection(SolutionConfigurationPlatforms) = preSolution
		Debug|Any CPU = Debug|Any CPU
		Release|Any CPU = Release|Any CPU
	EndGlobalSection
	GlobalSection(ProjectConfigurationPlatforms) = postSolution
		{EA8FE5F9-0F3D-4851-8D2A-0FA575404F1F}.Debug|Any CPU.ActiveCfg = Debug|Any CPU
		{EA8FE5F9-0F3D-4851-8D2A-0FA575404F1F}.Debug|Any CPU.Build.0 = Debug|Any CPU
		{EA8FE5F9-0F3D-4851-8D2A-0FA575404F1F}.Release|Any CPU.ActiveCfg = Release|Any CPU
		{EA8FE5F9-0F3D-4851-8D2A-0FA575404F1F}.Release|Any CPU.Build.0 = Release|Any CPU
	EndGlobalSection
	GlobalSection(SolutionProperties) = preSolution
		HideSolutionNode = FALSE
	EndGlobalSection
	GlobalSection(ExtensibilityGlobals) = postSolution
		SolutionGuid = {70F3C671-2A2A-4ACE-8461-6665053824D8}
	EndGlobalSection
EndGlobal
